{
    "_readme": [
        "This file locks the dependencies of your project to a known state",
        "Read more about it at https://getcomposer.org/doc/01-basic-usage.md#installing-dependencies",
        "This file is @generated automatically"
    ],
    "content-hash": "9e0b22f6e91f1bd6a9ee9dc59acfcb52",
    "packages": [
        {
            "name": "james-heinrich/getid3",
            "version": "v1.9.18",
            "source": {
                "type": "git",
                "url": "https://github.com/JamesHeinrich/getID3.git",
                "reference": "0723b77cafe9278618cfb6bc91b75e73705d3de8"
            },
            "dist": {
                "type": "zip",
                "url": "https://api.github.com/repos/JamesHeinrich/getID3/zipball/0723b77cafe9278618cfb6bc91b75e73705d3de8",
                "reference": "0723b77cafe9278618cfb6bc91b75e73705d3de8",
                "shasum": ""
            },
            "require": {
                "php": ">=5.3.0"
            },
            "require-dev": {
                "jakub-onderka/php-parallel-lint": "^0.9 || ^1.0"
            },
            "suggest": {
                "ext-SimpleXML": "SimpleXML extension is required to analyze RIFF/WAV/BWF audio files (also requires `ext-libxml`).",
                "ext-com_dotnet": "COM extension is required when loading files larger than 2GB on Windows.",
                "ext-ctype": "ctype extension is required when loading files larger than 2GB on 32-bit PHP (also on 64-bit PHP on Windows) or executing `getid3_lib::CopyTagsToComments`.",
                "ext-dba": "DBA extension is required to use the DBA database as a cache storage.",
                "ext-exif": "EXIF extension is required for graphic modules.",
                "ext-iconv": "iconv extension is required to work with different character sets (when `ext-mbstring` is not available).",
                "ext-json": "JSON extension is required to analyze Apple Quicktime videos.",
                "ext-libxml": "libxml extension is required to analyze RIFF/WAV/BWF audio files.",
                "ext-mbstring": "mbstring extension is required to work with different character sets.",
                "ext-mysql": "MySQL extension is required to use the MySQL database as a cache storage (deprecated in PHP 5.5, removed in PHP >= 7.0, use `ext-mysqli` instead).",
                "ext-mysqli": "MySQLi extension is required to use the MySQL database as a cache storage.",
                "ext-rar": "RAR extension is required for RAR archive module.",
                "ext-sqlite3": "SQLite3 extension is required to use the SQLite3 database as a cache storage.",
                "ext-xml": "XML extension is required for graphic modules to analyze the XML metadata.",
                "ext-zlib": "Zlib extension is required for archive modules and compressed metadata."
            },
            "type": "library",
            "extra": {
                "branch-alias": {
                    "dev-master": "1.9.x-dev"
                }
            },
            "autoload": {
                "classmap": [
                    "getid3/"
                ]
            },
            "notification-url": "https://packagist.org/downloads/",
            "license": [
                "GPL-1.0-or-later",
                "LGPL-3.0-only",
                "MPL-2.0"
            ],
            "description": "PHP script that extracts useful information from popular multimedia file formats",
            "homepage": "https://www.getid3.org/",
            "keywords": [
                "codecs",
                "php",
                "tags"
            ],
            "time": "2019-09-16T19:08:47+00:00"
        },
        {
            "name": "phpoption/phpoption",
            "version": "1.6.0",
            "source": {
                "type": "git",
                "url": "https://github.com/schmittjoh/php-option.git",
                "reference": "f4e7a6a1382183412246f0d361078c29fb85089e"
            },
            "dist": {
                "type": "zip",
                "url": "https://api.github.com/repos/schmittjoh/php-option/zipball/f4e7a6a1382183412246f0d361078c29fb85089e",
                "reference": "f4e7a6a1382183412246f0d361078c29fb85089e",
                "shasum": ""
            },
            "require": {
                "php": "^5.5.9 || ^7.0"
            },
            "require-dev": {
                "phpunit/phpunit": "^4.8.35 || ^5.0 || ^6.0 || ^7.0"
            },
            "type": "library",
            "extra": {
                "branch-alias": {
                    "dev-master": "1.6-dev"
                }
            },
            "autoload": {
                "psr-4": {
                    "PhpOption\\": "src/PhpOption/"
                }
            },
            "notification-url": "https://packagist.org/downloads/",
            "license": [
                "Apache-2.0"
            ],
            "authors": [
                {
                    "name": "Johannes M. Schmitt",
                    "email": "schmittjoh@gmail.com"
                },
                {
                    "name": "Graham Campbell",
                    "email": "graham@alt-three.com"
                }
            ],
            "description": "Option Type for PHP",
            "keywords": [
                "language",
                "option",
                "php",
                "type"
            ],
            "time": "2019-11-30T20:20:49+00:00"
        },
        {
            "name": "symfony/polyfill-ctype",
            "version": "v1.13.1",
            "source": {
                "type": "git",
                "url": "https://github.com/symfony/polyfill-ctype.git",
                "reference": "f8f0b461be3385e56d6de3dbb5a0df24c0c275e3"
            },
            "dist": {
                "type": "zip",
                "url": "https://api.github.com/repos/symfony/polyfill-ctype/zipball/f8f0b461be3385e56d6de3dbb5a0df24c0c275e3",
                "reference": "f8f0b461be3385e56d6de3dbb5a0df24c0c275e3",
                "shasum": ""
            },
            "require": {
                "php": ">=5.3.3"
            },
            "suggest": {
                "ext-ctype": "For best performance"
            },
            "type": "library",
            "extra": {
                "branch-alias": {
                    "dev-master": "1.13-dev"
                }
            },
            "autoload": {
                "psr-4": {
                    "Symfony\\Polyfill\\Ctype\\": ""
                },
                "files": [
                    "bootstrap.php"
                ]
            },
            "notification-url": "https://packagist.org/downloads/",
            "license": [
                "MIT"
            ],
            "authors": [
                {
                    "name": "Gert de Pagter",
                    "email": "BackEndTea@gmail.com"
                },
                {
                    "name": "Symfony Community",
                    "homepage": "https://symfony.com/contributors"
                }
            ],
            "description": "Symfony polyfill for ctype functions",
            "homepage": "https://symfony.com",
            "keywords": [
                "compatibility",
                "ctype",
                "polyfill",
                "portable"
            ],
            "time": "2019-11-27T13:56:44+00:00"
        },
        {
            "name": "symfony/polyfill-mbstring",
            "version": "v1.17.0",
            "source": {
                "type": "git",
                "url": "https://github.com/symfony/polyfill-mbstring.git",
                "reference": "fa79b11539418b02fc5e1897267673ba2c19419c"
            },
            "dist": {
                "type": "zip",
                "url": "https://api.github.com/repos/symfony/polyfill-mbstring/zipball/fa79b11539418b02fc5e1897267673ba2c19419c",
                "reference": "fa79b11539418b02fc5e1897267673ba2c19419c",
                "shasum": ""
            },
            "require": {
                "php": ">=5.3.3"
            },
            "suggest": {
                "ext-mbstring": "For best performance"
            },
            "type": "library",
            "extra": {
                "branch-alias": {
                    "dev-master": "1.17-dev"
                }
            },
            "autoload": {
                "psr-4": {
                    "Symfony\\Polyfill\\Mbstring\\": ""
                },
                "files": [
                    "bootstrap.php"
                ]
            },
            "notification-url": "https://packagist.org/downloads/",
            "license": [
                "MIT"
            ],
            "authors": [
                {
                    "name": "Nicolas Grekas",
                    "email": "p@tchwork.com"
                },
                {
                    "name": "Symfony Community",
                    "homepage": "https://symfony.com/contributors"
                }
            ],
            "description": "Symfony polyfill for the Mbstring extension",
            "homepage": "https://symfony.com",
            "keywords": [
                "compatibility",
                "mbstring",
                "polyfill",
                "portable",
                "shim"
            ],
            "time": "2020-05-12T16:47:27+00:00"
        },
        {
            "name": "twig/twig",
            "version": "v3.0.0",
            "source": {
                "type": "git",
                "url": "https://github.com/twigphp/Twig.git",
                "reference": "9b58bb8ac7a41d72fbb5a7dc643e07923e5ccc26"
            },
            "dist": {
                "type": "zip",
                "url": "https://api.github.com/repos/twigphp/Twig/zipball/9b58bb8ac7a41d72fbb5a7dc643e07923e5ccc26",
                "reference": "9b58bb8ac7a41d72fbb5a7dc643e07923e5ccc26",
                "shasum": ""
            },
            "require": {
                "php": "^7.2.9",
                "symfony/polyfill-ctype": "^1.8",
                "symfony/polyfill-mbstring": "^1.3"
            },
            "require-dev": {
                "psr/container": "^1.0",
                "symfony/debug": "^3.4|^4.2|^5.0",
                "symfony/phpunit-bridge": "^4.4@dev|^5.0"
            },
            "type": "library",
            "extra": {
                "branch-alias": {
                    "dev-master": "3.0-dev"
                }
            },
            "autoload": {
                "psr-4": {
                    "Twig\\": "src/"
                }
            },
            "notification-url": "https://packagist.org/downloads/",
            "license": [
                "BSD-3-Clause"
            ],
            "authors": [
                {
                    "name": "Fabien Potencier",
                    "email": "fabien@symfony.com",
                    "homepage": "http://fabien.potencier.org",
                    "role": "Lead Developer"
                },
                {
                    "name": "Twig Team",
                    "homepage": "https://twig.symfony.com/contributors",
                    "role": "Contributors"
                },
                {
                    "name": "Armin Ronacher",
                    "email": "armin.ronacher@active-4.com",
                    "role": "Project Founder"
                }
            ],
            "description": "Twig, the flexible, fast, and secure template language for PHP",
            "homepage": "https://twig.symfony.com",
            "keywords": [
                "templating"
            ],
            "time": "2019-11-15T20:38:32+00:00"
        },
        {
            "name": "vlucas/phpdotenv",
            "version": "v4.0.0",
            "source": {
                "type": "git",
                "url": "https://github.com/vlucas/phpdotenv.git",
                "reference": "3aa2821b7f117e235af45ef057e41112a25bf9b1"
            },
            "dist": {
                "type": "zip",
                "url": "https://api.github.com/repos/vlucas/phpdotenv/zipball/3aa2821b7f117e235af45ef057e41112a25bf9b1",
                "reference": "3aa2821b7f117e235af45ef057e41112a25bf9b1",
                "shasum": ""
            },
            "require": {
                "php": "^5.5.9 || ^7.0",
                "phpoption/phpoption": "^1.6",
                "symfony/polyfill-ctype": "^1.9"
            },
            "require-dev": {
                "phpunit/phpunit": "^4.8.35 || ^5.0 || ^6.0 || ^7.0"
            },
            "type": "library",
            "extra": {
                "branch-alias": {
                    "dev-master": "4.0-dev"
                }
            },
            "autoload": {
                "psr-4": {
                    "Dotenv\\": "src/"
                }
            },
            "notification-url": "https://packagist.org/downloads/",
            "license": [
                "BSD-3-Clause"
            ],
            "authors": [
                {
                    "name": "Graham Campbell",
                    "email": "graham@alt-three.com",
                    "homepage": "https://gjcampbell.co.uk/"
                },
                {
                    "name": "Vance Lucas",
                    "email": "vance@vancelucas.com",
                    "homepage": "https://vancelucas.com/"
                }
            ],
            "description": "Loads environment variables from `.env` to `getenv()`, `$_ENV` and `$_SERVER` automagically.",
            "keywords": [
                "dotenv",
                "env",
                "environment"
            ],
            "time": "2019-11-30T20:25:09+00:00"
        }
    ],
    "packages-dev": [],
    "aliases": [],
    "minimum-stability": "stable",
    "stability-flags": [],
    "prefer-stable": false,
    "prefer-lowest": false,
    "platform": [],
    "platform-dev": []
}
